
Microsoft Visual Studio Solution File, Format Version 12.00
# Visual Studio Version 17
VisualStudioVersion = 17.13.35818.85 d17.13
MinimumVisualStudioVersion = 10.0.40219.1
Project("{FAE04EC0-301F-11D3-BF4B-00C04F79EFBC}") = "VSCars", "VSCars\VSCars.csproj", "{13ECB1BF-95C5-4A73-9435-FB262D00FFC3}"
EndProject
Global
	GlobalSection(SolutionConfigurationPlatforms) = preSolution
		Debug|Any CPU = Debug|Any CPU
		Release|Any CPU = Release|Any CPU
	EndGlobalSection
	GlobalSection(ProjectConfigurationPlatforms) = postSolution
		{13ECB1BF-95C5-4A73-9435-FB262D00FFC3}.Debug|Any CPU.ActiveCfg = Debug|Any CPU
		{13ECB1BF-95C5-4A73-9435-FB262D00FFC3}.Debug|Any CPU.Build.0 = Debug|Any CPU
		{13ECB1BF-95C5-4A73-9435-FB262D00FFC3}.Debug|Any CPU.Deploy.0 = Debug|Any CPU
		{13ECB1BF-95C5-4A73-9435-FB262D00FFC3}.Release|Any CPU.ActiveCfg = Release|Any CPU
		{13ECB1BF-95C5-4A73-9435-FB262D00FFC3}.Release|Any CPU.Build.0 = Release|Any CPU
		{13ECB1BF-95C5-4A73-9435-FB262D00FFC3}.Release|Any CPU.Deploy.0 = Release|Any CPU
	EndGlobalSection
	GlobalSection(SolutionProperties) = preSolution
		HideSolutionNode = FALSE
	EndGlobalSection
	GlobalSection(ExtensibilityGlobals) = postSolution
		SolutionGuid = {7BE1A07B-08FD-40FA-BBED-F6342E260C9B}
	EndGlobalSection
EndGlobal
